
Microsoft Visual Studio Solution File, Format Version 12.00
# Visual Studio Version 17
VisualStudioVersion = 17.1.32421.90
MinimumVisualStudioVersion = 10.0.40219.1
Project("{FAE04EC0-301F-11D3-BF4B-00C04F79EFBC}") = "DemoWebApp", "DemoWebApp\DemoWebApp.csproj", "{0A917795-40D5-4DC7-B38A-59069065550B}"
EndProject
Global
	GlobalSection(SolutionConfigurationPlatforms) = preSolution
		Debug|Any CPU = Debug|Any CPU
		Release|Any CPU = Release|Any CPU
	EndGlobalSection
	GlobalSection(ProjectConfigurationPlatforms) = postSolution
		{0A917795-40D5-4DC7-B38A-59069065550B}.Debug|Any CPU.ActiveCfg = Debug|Any CPU
		{0A917795-40D5-4DC7-B38A-59069065550B}.Debug|Any CPU.Build.0 = Debug|Any CPU
		{0A917795-40D5-4DC7-B38A-59069065550B}.Release|Any CPU.ActiveCfg = Release|Any CPU
		{0A917795-40D5-4DC7-B38A-59069065550B}.Release|Any CPU.Build.0 = Release|Any CPU
	EndGlobalSection
	GlobalSection(SolutionProperties) = preSolution
		HideSolutionNode = FALSE
	EndGlobalSection
	GlobalSection(ExtensibilityGlobals) = postSolution
		SolutionGuid = {0F4B4807-8FD7-46E0-8216-61934DFA2740}
	EndGlobalSection
EndGlobal
